
Microsoft Visual Studio Solution File, Format Version 12.00
# Visual Studio Version 17
VisualStudioVersion = 17.4.33213.308
MinimumVisualStudioVersion = 10.0.40219.1
Project("{9A19103F-16F7-4668-BE54-9A1E7A4F7556}") = "Application", "Application\Application.csproj", "{C1F6C250-2D0F-4557-877B-9191D30BDAED}"
EndProject
Project("{9A19103F-16F7-4668-BE54-9A1E7A4F7556}") = "Domain", "Domain\Domain.csproj", "{C4E30545-6743-4ECE-937C-2DEB40BDCE8F}"
EndProject
Project("{9A19103F-16F7-4668-BE54-9A1E7A4F7556}") = "InfraStructure", "InfraStructure\InfraStructure.csproj", "{A6839B96-95AA-4889-856A-BE98F13281BC}"
EndProject
Project("{2150E333-8FDC-42A3-9474-1A3956D46DE8}") = "CleanArch", "CleanArch", "{136EE37F-1529-4E53-8A31-3D2FFECE2165}"
EndProject
Project("{2150E333-8FDC-42A3-9474-1A3956D46DE8}") = "UI", "UI", "{47312631-7281-486D-BED5-E4E5E119C011}"
EndProject
Project("{FAE04EC0-301F-11D3-BF4B-00C04F79EFBC}") = "WebAPI", "WebAPI\WebAPI.csproj", "{B964BDAA-C4A1-40B6-B804-C693E57B86B6}"
EndProject
Project("{9A19103F-16F7-4668-BE54-9A1E7A4F7556}") = "Presentation", "Presentation\Presentation.csproj", "{9622E4AF-7D30-44A6-B219-4C645690D6DC}"
EndProject
Global
	GlobalSection(SolutionConfigurationPlatforms) = preSolution
		Debug|Any CPU = Debug|Any CPU
		Release|Any CPU = Release|Any CPU
	EndGlobalSection
	GlobalSection(ProjectConfigurationPlatforms) = postSolution
		{C1F6C250-2D0F-4557-877B-9191D30BDAED}.Debug|Any CPU.ActiveCfg = Debug|Any CPU
		{C1F6C250-2D0F-4557-877B-9191D30BDAED}.Debug|Any CPU.Build.0 = Debug|Any CPU
		{C1F6C250-2D0F-4557-877B-9191D30BDAED}.Release|Any CPU.ActiveCfg = Release|Any CPU
		{C1F6C250-2D0F-4557-877B-9191D30BDAED}.Release|Any CPU.Build.0 = Release|Any CPU
		{C4E30545-6743-4ECE-937C-2DEB40BDCE8F}.Debug|Any CPU.ActiveCfg = Debug|Any CPU
		{C4E30545-6743-4ECE-937C-2DEB40BDCE8F}.Debug|Any CPU.Build.0 = Debug|Any CPU
		{C4E30545-6743-4ECE-937C-2DEB40BDCE8F}.Release|Any CPU.ActiveCfg = Release|Any CPU
		{C4E30545-6743-4ECE-937C-2DEB40BDCE8F}.Release|Any CPU.Build.0 = Release|Any CPU
		{A6839B96-95AA-4889-856A-BE98F13281BC}.Debug|Any CPU.ActiveCfg = Debug|Any CPU
		{A6839B96-95AA-4889-856A-BE98F13281BC}.Debug|Any CPU.Build.0 = Debug|Any CPU
		{A6839B96-95AA-4889-856A-BE98F13281BC}.Release|Any CPU.ActiveCfg = Release|Any CPU
		{A6839B96-95AA-4889-856A-BE98F13281BC}.Release|Any CPU.Build.0 = Release|Any CPU
		{B964BDAA-C4A1-40B6-B804-C693E57B86B6}.Debug|Any CPU.ActiveCfg = Debug|Any CPU
		{B964BDAA-C4A1-40B6-B804-C693E57B86B6}.Debug|Any CPU.Build.0 = Debug|Any CPU
		{B964BDAA-C4A1-40B6-B804-C693E57B86B6}.Release|Any CPU.ActiveCfg = Release|Any CPU
		{B964BDAA-C4A1-40B6-B804-C693E57B86B6}.Release|Any CPU.Build.0 = Release|Any CPU
		{9622E4AF-7D30-44A6-B219-4C645690D6DC}.Debug|Any CPU.ActiveCfg = Debug|Any CPU
		{9622E4AF-7D30-44A6-B219-4C645690D6DC}.Debug|Any CPU.Build.0 = Debug|Any CPU
		{9622E4AF-7D30-44A6-B219-4C645690D6DC}.Release|Any CPU.ActiveCfg = Release|Any CPU
		{9622E4AF-7D30-44A6-B219-4C645690D6DC}.Release|Any CPU.Build.0 = Release|Any CPU
	EndGlobalSection
	GlobalSection(SolutionProperties) = preSolution
		HideSolutionNode = FALSE
	EndGlobalSection
	GlobalSection(NestedProjects) = preSolution
		{C1F6C250-2D0F-4557-877B-9191D30BDAED} = {136EE37F-1529-4E53-8A31-3D2FFECE2165}
		{C4E30545-6743-4ECE-937C-2DEB40BDCE8F} = {136EE37F-1529-4E53-8A31-3D2FFECE2165}
		{A6839B96-95AA-4889-856A-BE98F13281BC} = {136EE37F-1529-4E53-8A31-3D2FFECE2165}
		{B964BDAA-C4A1-40B6-B804-C693E57B86B6} = {47312631-7281-486D-BED5-E4E5E119C011}
		{9622E4AF-7D30-44A6-B219-4C645690D6DC} = {47312631-7281-486D-BED5-E4E5E119C011}
	EndGlobalSection
	GlobalSection(ExtensibilityGlobals) = postSolution
		SolutionGuid = {8BE10C32-00A9-4D69-A478-7CD8E082CA5C}
	EndGlobalSection
EndGlobal
